
Microsoft Visual Studio Solution File, Format Version 12.00
# Visual Studio 14
VisualStudioVersion = 14.0.25420.1
MinimumVisualStudioVersion = 10.0.40219.1
Project("{FAE04EC0-301F-11D3-BF4B-00C04F79EFBC}") = "Glimpse.NHibernate", "Glimpse.NHibernate\Glimpse.NHibernate.csproj", "{75F5401A-E64F-47C1-A0DA-08C243229214}"
EndProject
Project("{FAE04EC0-301F-11D3-BF4B-00C04F79EFBC}") = "Glimpse.NHibernate.Test", "Glimpse.NHibernate.Test\Glimpse.NHibernate.Test.csproj", "{C3FFC5EF-D6BB-4854-B875-C996960E4CE8}"
EndProject
Project("{FAE04EC0-301F-11D3-BF4B-00C04F79EFBC}") = "Glimpse.NHibernate.Test.Nh1214000", "Glimpse.NHibernate.Test.NH1214000\Glimpse.NHibernate.Test.Nh1214000.csproj", "{686D136F-421F-4D29-9D59-D1A3547D03B8}"
EndProject
Project("{FAE04EC0-301F-11D3-BF4B-00C04F79EFBC}") = "Glimpse.NHibernate.Test.Nh2014000", "Glimpse.NHibernate.Test.NH2014000\Glimpse.NHibernate.Test.Nh2014000.csproj", "{C8BB6E17-6623-4B9C-A7FC-F0674BBC0DBA}"
EndProject
Project("{FAE04EC0-301F-11D3-BF4B-00C04F79EFBC}") = "Glimpse.NHibernate.Test.Nh2104000", "Glimpse.NHibernate.Test.NH2104000\Glimpse.NHibernate.Test.Nh2104000.csproj", "{C88C62B6-6BD9-4480-9D37-BB5086C9855C}"
EndProject
Project("{FAE04EC0-301F-11D3-BF4B-00C04F79EFBC}") = "Glimpse.NHibernate.Test.Nh2124000", "Glimpse.NHibernate.Test.NH2124000\Glimpse.NHibernate.Test.Nh2124000.csproj", "{BA78507C-8726-4D36-B4D6-200DB5EF6101}"
EndProject
Project("{FAE04EC0-301F-11D3-BF4B-00C04F79EFBC}") = "Glimpse.NHibernate.Test.Nh3004000", "Glimpse.NHibernate.Test.NH3004000\Glimpse.NHibernate.Test.Nh3004000.csproj", "{1AB21F96-9D76-4B6A-AE50-5082D03352D5}"
EndProject
Project("{FAE04EC0-301F-11D3-BF4B-00C04F79EFBC}") = "Glimpse.NHibernate.Test.Nh3104000", "Glimpse.NHibernate.Test.NH3104000\Glimpse.NHibernate.Test.Nh3104000.csproj", "{63849AF5-8E2E-46A2-9DCE-829444715F09}"
EndProject
Project("{FAE04EC0-301F-11D3-BF4B-00C04F79EFBC}") = "Glimpse.NHibernate.Test.Nh3204000", "Glimpse.NHibernate.Test.NH3204000\Glimpse.NHibernate.Test.Nh3204000.csproj", "{D2BBD2C1-8CBA-4985-9028-FB8A19208B0E}"
EndProject
Project("{FAE04EC0-301F-11D3-BF4B-00C04F79EFBC}") = "Glimpse.NHibernate.Test.Nh3304000", "Glimpse.NHibernate.Test.NH3304000\Glimpse.NHibernate.Test.Nh3304000.csproj", "{EE9EC787-39C6-40EB-B9C4-5A9D8E108D4E}"
EndProject
Project("{FAE04EC0-301F-11D3-BF4B-00C04F79EFBC}") = "Glimpse.NHibernate.Test.Nh3314000", "Glimpse.NHibernate.Test.NH3314000\Glimpse.NHibernate.Test.Nh3314000.csproj", "{82F369EA-93B1-43C4-815A-3DE4E62AC356}"
EndProject
Project("{FAE04EC0-301F-11D3-BF4B-00C04F79EFBC}") = "Glimpse.NHibernate.Test.Nh3324000", "Glimpse.NHibernate.Test.NH3324000\Glimpse.NHibernate.Test.Nh3324000.csproj", "{083DF215-F290-4062-A3A7-F2C91F4F19C5}"
EndProject
Project("{FAE04EC0-301F-11D3-BF4B-00C04F79EFBC}") = "Glimpse.NHibernate.Test.Nh3334000", "Glimpse.NHibernate.Test.NH3334000\Glimpse.NHibernate.Test.Nh3334000.csproj", "{0D26CC16-7FBB-480A-9010-FB19BB3D5192}"
EndProject
Project("{FAE04EC0-301F-11D3-BF4B-00C04F79EFBC}") = "Glimpse.NHibernate.Test.Nh3334001", "Glimpse.NHibernate.Test.NH3334001\Glimpse.NHibernate.Test.Nh3334001.csproj", "{827A074C-02F6-437F-A117-AFF5177602A3}"
EndProject
Project("{FAE04EC0-301F-11D3-BF4B-00C04F79EFBC}") = "Glimpse.NHibernate.Test.Nh3404000", "Glimpse.NHibernate.Test.NH3404000\Glimpse.NHibernate.Test.Nh3404000.csproj", "{4E1578E7-9300-48D0-BA11-766BF69BA2A5}"
EndProject
Project("{FAE04EC0-301F-11D3-BF4B-00C04F79EFBC}") = "Glimpse.NHibernate.Test.Nh4004000", "Glimpse.NHibernate.Test.NH4004000\Glimpse.NHibernate.Test.Nh4004000.csproj", "{731E9BBB-7938-4E6E-AD67-70B64303365D}"
EndProject
Project("{FAE04EC0-301F-11D3-BF4B-00C04F79EFBC}") = "Glimpse.NHibernate.Sample", "Glimpse.NHibernate.Sample\Glimpse.NHibernate.Sample.csproj", "{342629CD-9FC4-4EE8-963A-406C7D035069}"
EndProject
Project("{2150E333-8FDC-42A3-9474-1A3956D46DE8}") = ".build", ".build", "{767FA509-C143-4545-AFBE-064F2CDF9979}"
	ProjectSection(SolutionItems) = preProject
		.build\build.csx = .build\build.csx
		.build\buildCI.bat = .build\buildCI.bat
		.build\buildDeploy.bat = .build\buildDeploy.bat
		.build\packages.config = .build\packages.config
	EndProjectSection
EndProject
Project("{2150E333-8FDC-42A3-9474-1A3956D46DE8}") = ".nuget", ".nuget", "{B402CF7F-C2AB-4F37-960C-5A4D2BD74B5E}"
	ProjectSection(SolutionItems) = preProject
		.nuget\packages.config = .nuget\packages.config
	EndProjectSection
EndProject
Project("{FAE04EC0-301F-11D3-BF4B-00C04F79EFBC}") = "Glimpse.NHibernate.Test.Nh3344000", "Glimpse.NHibernate.Test.NH3344000\Glimpse.NHibernate.Test.Nh3344000.csproj", "{95428E5A-63C0-42A7-B027-65568B94D52D}"
EndProject
Project("{FAE04EC0-301F-11D3-BF4B-00C04F79EFBC}") = "Glimpse.NHibernate.Test.Nh4114000", "Glimpse.NHibernate.Test.NH4114000\Glimpse.NHibernate.Test.Nh4114000.csproj", "{856E5C4F-F23F-443E-87AB-B19C91CB9905}"
EndProject
Project("{FAE04EC0-301F-11D3-BF4B-00C04F79EFBC}") = "Glimpse.NHibernate.Test.Nh3354000", "Glimpse.NHibernate.Test.NH3354000\Glimpse.NHibernate.Test.Nh3354000.csproj", "{B7CAEBDE-F2C6-4A97-A5BC-15925DCA716D}"
EndProject
Project("{FAE04EC0-301F-11D3-BF4B-00C04F79EFBC}") = "Glimpse.NHibernate.Test.Nh3414000", "Glimpse.NHibernate.Test.NH3414000\Glimpse.NHibernate.Test.Nh3414000.csproj", "{5504DF46-B719-4A4B-811F-5EA03CF1A864}"
EndProject
Project("{FAE04EC0-301F-11D3-BF4B-00C04F79EFBC}") = "Glimpse.NHibernate.Test.Nh4014000", "Glimpse.NHibernate.Test.NH4014000\Glimpse.NHibernate.Test.Nh4014000.csproj", "{DEB0E2A1-1534-4515-87A1-2E7902E4627B}"
EndProject
Project("{FAE04EC0-301F-11D3-BF4B-00C04F79EFBC}") = "Glimpse.NHibernate.Test.Nh4024000", "Glimpse.NHibernate.Test.NH4024000\Glimpse.NHibernate.Test.Nh4024000.csproj", "{1E32C63F-E86A-438B-82A6-35D57AFA37D8}"
EndProject
Project("{FAE04EC0-301F-11D3-BF4B-00C04F79EFBC}") = "Glimpse.NHibernate.Test.Nh4034000", "Glimpse.NHibernate.Test.NH4034000\Glimpse.NHibernate.Test.Nh4034000.csproj", "{3C794E9F-2628-4272-95FE-3AC20EE9ACE6}"
EndProject
Project("{FAE04EC0-301F-11D3-BF4B-00C04F79EFBC}") = "Glimpse.NHibernate.Test.Nh4044000", "Glimpse.NHibernate.Test.NH4044000\Glimpse.NHibernate.Test.Nh4044000.csproj", "{DEB0E2A1-1534-4515-87A1-2E7902E4827B}"
EndProject
Global
	GlobalSection(SolutionConfigurationPlatforms) = preSolution
		Debug|Any CPU = Debug|Any CPU
		Release|Any CPU = Release|Any CPU
	EndGlobalSection
	GlobalSection(ProjectConfigurationPlatforms) = postSolution
		{75F5401A-E64F-47C1-A0DA-08C243229214}.Debug|Any CPU.ActiveCfg = Debug|Any CPU
		{75F5401A-E64F-47C1-A0DA-08C243229214}.Debug|Any CPU.Build.0 = Debug|Any CPU
		{75F5401A-E64F-47C1-A0DA-08C243229214}.Release|Any CPU.ActiveCfg = Release|Any CPU
		{75F5401A-E64F-47C1-A0DA-08C243229214}.Release|Any CPU.Build.0 = Release|Any CPU
		{C3FFC5EF-D6BB-4854-B875-C996960E4CE8}.Debug|Any CPU.ActiveCfg = Debug|Any CPU
		{C3FFC5EF-D6BB-4854-B875-C996960E4CE8}.Debug|Any CPU.Build.0 = Debug|Any CPU
		{C3FFC5EF-D6BB-4854-B875-C996960E4CE8}.Release|Any CPU.ActiveCfg = Release|Any CPU
		{C3FFC5EF-D6BB-4854-B875-C996960E4CE8}.Release|Any CPU.Build.0 = Release|Any CPU
		{686D136F-421F-4D29-9D59-D1A3547D03B8}.Debug|Any CPU.ActiveCfg = Debug|Any CPU
		{686D136F-421F-4D29-9D59-D1A3547D03B8}.Debug|Any CPU.Build.0 = Debug|Any CPU
		{686D136F-421F-4D29-9D59-D1A3547D03B8}.Release|Any CPU.ActiveCfg = Release|Any CPU
		{686D136F-421F-4D29-9D59-D1A3547D03B8}.Release|Any CPU.Build.0 = Release|Any CPU
		{C8BB6E17-6623-4B9C-A7FC-F0674BBC0DBA}.Debug|Any CPU.ActiveCfg = Debug|Any CPU
		{C8BB6E17-6623-4B9C-A7FC-F0674BBC0DBA}.Debug|Any CPU.Build.0 = Debug|Any CPU
		{C8BB6E17-6623-4B9C-A7FC-F0674BBC0DBA}.Release|Any CPU.ActiveCfg = Release|Any CPU
		{C8BB6E17-6623-4B9C-A7FC-F0674BBC0DBA}.Release|Any CPU.Build.0 = Release|Any CPU
		{C88C62B6-6BD9-4480-9D37-BB5086C9855C}.Debug|Any CPU.ActiveCfg = Debug|Any CPU
		{C88C62B6-6BD9-4480-9D37-BB5086C9855C}.Debug|Any CPU.Build.0 = Debug|Any CPU
		{C88C62B6-6BD9-4480-9D37-BB5086C9855C}.Release|Any CPU.ActiveCfg = Release|Any CPU
		{C88C62B6-6BD9-4480-9D37-BB5086C9855C}.Release|Any CPU.Build.0 = Release|Any CPU
		{BA78507C-8726-4D36-B4D6-200DB5EF6101}.Debug|Any CPU.ActiveCfg = Debug|Any CPU
		{BA78507C-8726-4D36-B4D6-200DB5EF6101}.Debug|Any CPU.Build.0 = Debug|Any CPU
		{BA78507C-8726-4D36-B4D6-200DB5EF6101}.Release|Any CPU.ActiveCfg = Release|Any CPU
		{BA78507C-8726-4D36-B4D6-200DB5EF6101}.Release|Any CPU.Build.0 = Release|Any CPU
		{1AB21F96-9D76-4B6A-AE50-5082D03352D5}.Debug|Any CPU.ActiveCfg = Debug|Any CPU
		{1AB21F96-9D76-4B6A-AE50-5082D03352D5}.Debug|Any CPU.Build.0 = Debug|Any CPU
		{1AB21F96-9D76-4B6A-AE50-5082D03352D5}.Release|Any CPU.ActiveCfg = Release|Any CPU
		{1AB21F96-9D76-4B6A-AE50-5082D03352D5}.Release|Any CPU.Build.0 = Release|Any CPU
		{63849AF5-8E2E-46A2-9DCE-829444715F09}.Debug|Any CPU.ActiveCfg = Debug|Any CPU
		{63849AF5-8E2E-46A2-9DCE-829444715F09}.Debug|Any CPU.Build.0 = Debug|Any CPU
		{63849AF5-8E2E-46A2-9DCE-829444715F09}.Release|Any CPU.ActiveCfg = Release|Any CPU
		{63849AF5-8E2E-46A2-9DCE-829444715F09}.Release|Any CPU.Build.0 = Release|Any CPU
		{D2BBD2C1-8CBA-4985-9028-FB8A19208B0E}.Debug|Any CPU.ActiveCfg = Debug|Any CPU
		{D2BBD2C1-8CBA-4985-9028-FB8A19208B0E}.Debug|Any CPU.Build.0 = Debug|Any CPU
		{D2BBD2C1-8CBA-4985-9028-FB8A19208B0E}.Release|Any CPU.ActiveCfg = Release|Any CPU
		{D2BBD2C1-8CBA-4985-9028-FB8A19208B0E}.Release|Any CPU.Build.0 = Release|Any CPU
		{EE9EC787-39C6-40EB-B9C4-5A9D8E108D4E}.Debug|Any CPU.ActiveCfg = Debug|Any CPU
		{EE9EC787-39C6-40EB-B9C4-5A9D8E108D4E}.Debug|Any CPU.Build.0 = Debug|Any CPU
		{EE9EC787-39C6-40EB-B9C4-5A9D8E108D4E}.Release|Any CPU.ActiveCfg = Release|Any CPU
		{EE9EC787-39C6-40EB-B9C4-5A9D8E108D4E}.Release|Any CPU.Build.0 = Release|Any CPU
		{82F369EA-93B1-43C4-815A-3DE4E62AC356}.Debug|Any CPU.ActiveCfg = Debug|Any CPU
		{82F369EA-93B1-43C4-815A-3DE4E62AC356}.Debug|Any CPU.Build.0 = Debug|Any CPU
		{82F369EA-93B1-43C4-815A-3DE4E62AC356}.Release|Any CPU.ActiveCfg = Release|Any CPU
		{82F369EA-93B1-43C4-815A-3DE4E62AC356}.Release|Any CPU.Build.0 = Release|Any CPU
		{083DF215-F290-4062-A3A7-F2C91F4F19C5}.Debug|Any CPU.ActiveCfg = Debug|Any CPU
		{083DF215-F290-4062-A3A7-F2C91F4F19C5}.Debug|Any CPU.Build.0 = Debug|Any CPU
		{083DF215-F290-4062-A3A7-F2C91F4F19C5}.Release|Any CPU.ActiveCfg = Release|Any CPU
		{083DF215-F290-4062-A3A7-F2C91F4F19C5}.Release|Any CPU.Build.0 = Release|Any CPU
		{0D26CC16-7FBB-480A-9010-FB19BB3D5192}.Debug|Any CPU.ActiveCfg = Debug|Any CPU
		{0D26CC16-7FBB-480A-9010-FB19BB3D5192}.Debug|Any CPU.Build.0 = Debug|Any CPU
		{0D26CC16-7FBB-480A-9010-FB19BB3D5192}.Release|Any CPU.ActiveCfg = Release|Any CPU
		{0D26CC16-7FBB-480A-9010-FB19BB3D5192}.Release|Any CPU.Build.0 = Release|Any CPU
		{827A074C-02F6-437F-A117-AFF5177602A3}.Debug|Any CPU.ActiveCfg = Debug|Any CPU
		{827A074C-02F6-437F-A117-AFF5177602A3}.Debug|Any CPU.Build.0 = Debug|Any CPU
		{827A074C-02F6-437F-A117-AFF5177602A3}.Release|Any CPU.ActiveCfg = Release|Any CPU
		{827A074C-02F6-437F-A117-AFF5177602A3}.Release|Any CPU.Build.0 = Release|Any CPU
		{4E1578E7-9300-48D0-BA11-766BF69BA2A5}.Debug|Any CPU.ActiveCfg = Debug|Any CPU
		{4E1578E7-9300-48D0-BA11-766BF69BA2A5}.Debug|Any CPU.Build.0 = Debug|Any CPU
		{4E1578E7-9300-48D0-BA11-766BF69BA2A5}.Release|Any CPU.ActiveCfg = Release|Any CPU
		{4E1578E7-9300-48D0-BA11-766BF69BA2A5}.Release|Any CPU.Build.0 = Release|Any CPU
		{731E9BBB-7938-4E6E-AD67-70B64303365D}.Debug|Any CPU.ActiveCfg = Debug|Any CPU
		{731E9BBB-7938-4E6E-AD67-70B64303365D}.Debug|Any CPU.Build.0 = Debug|Any CPU
		{731E9BBB-7938-4E6E-AD67-70B64303365D}.Release|Any CPU.ActiveCfg = Release|Any CPU
		{731E9BBB-7938-4E6E-AD67-70B64303365D}.Release|Any CPU.Build.0 = Release|Any CPU
		{342629CD-9FC4-4EE8-963A-406C7D035069}.Debug|Any CPU.ActiveCfg = Debug|Any CPU
		{342629CD-9FC4-4EE8-963A-406C7D035069}.Debug|Any CPU.Build.0 = Debug|Any CPU
		{342629CD-9FC4-4EE8-963A-406C7D035069}.Release|Any CPU.ActiveCfg = Release|Any CPU
		{342629CD-9FC4-4EE8-963A-406C7D035069}.Release|Any CPU.Build.0 = Release|Any CPU
		{95428E5A-63C0-42A7-B027-65568B94D52D}.Debug|Any CPU.ActiveCfg = Debug|Any CPU
		{95428E5A-63C0-42A7-B027-65568B94D52D}.Debug|Any CPU.Build.0 = Debug|Any CPU
		{95428E5A-63C0-42A7-B027-65568B94D52D}.Release|Any CPU.ActiveCfg = Release|Any CPU
		{95428E5A-63C0-42A7-B027-65568B94D52D}.Release|Any CPU.Build.0 = Release|Any CPU
		{856E5C4F-F23F-443E-87AB-B19C91CB9905}.Debug|Any CPU.ActiveCfg = Debug|Any CPU
		{856E5C4F-F23F-443E-87AB-B19C91CB9905}.Debug|Any CPU.Build.0 = Debug|Any CPU
		{856E5C4F-F23F-443E-87AB-B19C91CB9905}.Release|Any CPU.ActiveCfg = Release|Any CPU
		{856E5C4F-F23F-443E-87AB-B19C91CB9905}.Release|Any CPU.Build.0 = Release|Any CPU
		{B7CAEBDE-F2C6-4A97-A5BC-15925DCA716D}.Debug|Any CPU.ActiveCfg = Debug|Any CPU
		{B7CAEBDE-F2C6-4A97-A5BC-15925DCA716D}.Debug|Any CPU.Build.0 = Debug|Any CPU
		{B7CAEBDE-F2C6-4A97-A5BC-15925DCA716D}.Release|Any CPU.ActiveCfg = Release|Any CPU
		{B7CAEBDE-F2C6-4A97-A5BC-15925DCA716D}.Release|Any CPU.Build.0 = Release|Any CPU
		{5504DF46-B719-4A4B-811F-5EA03CF1A864}.Debug|Any CPU.ActiveCfg = Debug|Any CPU
		{5504DF46-B719-4A4B-811F-5EA03CF1A864}.Debug|Any CPU.Build.0 = Debug|Any CPU
		{5504DF46-B719-4A4B-811F-5EA03CF1A864}.Release|Any CPU.ActiveCfg = Release|Any CPU
		{5504DF46-B719-4A4B-811F-5EA03CF1A864}.Release|Any CPU.Build.0 = Release|Any CPU
		{DEB0E2A1-1534-4515-87A1-2E7902E4627B}.Debug|Any CPU.ActiveCfg = Debug|Any CPU
		{DEB0E2A1-1534-4515-87A1-2E7902E4627B}.Debug|Any CPU.Build.0 = Debug|Any CPU
		{DEB0E2A1-1534-4515-87A1-2E7902E4627B}.Release|Any CPU.ActiveCfg = Release|Any CPU
		{DEB0E2A1-1534-4515-87A1-2E7902E4627B}.Release|Any CPU.Build.0 = Release|Any CPU
		{1E32C63F-E86A-438B-82A6-35D57AFA37D8}.Debug|Any CPU.ActiveCfg = Debug|Any CPU
		{1E32C63F-E86A-438B-82A6-35D57AFA37D8}.Debug|Any CPU.Build.0 = Debug|Any CPU
		{1E32C63F-E86A-438B-82A6-35D57AFA37D8}.Release|Any CPU.ActiveCfg = Release|Any CPU
		{1E32C63F-E86A-438B-82A6-35D57AFA37D8}.Release|Any CPU.Build.0 = Release|Any CPU
		{3C794E9F-2628-4272-95FE-3AC20EE9ACE6}.Debug|Any CPU.ActiveCfg = Debug|Any CPU
		{3C794E9F-2628-4272-95FE-3AC20EE9ACE6}.Debug|Any CPU.Build.0 = Debug|Any CPU
		{3C794E9F-2628-4272-95FE-3AC20EE9ACE6}.Release|Any CPU.ActiveCfg = Release|Any CPU
		{3C794E9F-2628-4272-95FE-3AC20EE9ACE6}.Release|Any CPU.Build.0 = Release|Any CPU
		{DEB0E2A1-1534-4515-87A1-2E7902E4827B}.Debug|Any CPU.ActiveCfg = Debug|Any CPU
		{DEB0E2A1-1534-4515-87A1-2E7902E4827B}.Debug|Any CPU.Build.0 = Debug|Any CPU
		{DEB0E2A1-1534-4515-87A1-2E7902E4827B}.Release|Any CPU.ActiveCfg = Release|Any CPU
		{DEB0E2A1-1534-4515-87A1-2E7902E4827B}.Release|Any CPU.Build.0 = Release|Any CPU
	EndGlobalSection
	GlobalSection(SolutionProperties) = preSolution
		HideSolutionNode = FALSE
	EndGlobalSection
EndGlobal
